// !$*UTF8*$!
{
	archiveVersion = 1;
	classes = {
	};
	objectVersion = 50;
	objects = {

/* Begin PBXBuildFile section */
		3542FA1E20FFA0EA005948F5 /* AppDelegate.swift in Sources */ = {isa = PBXBuildFile; fileRef = 3542FA1D20FFA0EA005948F5 /* AppDelegate.swift */; };
		3542FA2020FFA0EA005948F5 /* ViewController.swift in Sources */ = {isa = PBXBuildFile; fileRef = 3542FA1F20FFA0EA005948F5 /* ViewController.swift */; };
		3542FA2320FFA0EA005948F5 /* Main.storyboard in Resources */ = {isa = PBXBuildFile; fileRef = 3542FA2120FFA0EA005948F5 /* Main.storyboard */; };
		3542FA2520FFA0EA005948F5 /* Assets.xcassets in Resources */ = {isa = PBXBuildFile; fileRef = 3542FA2420FFA0EA005948F5 /* Assets.xcassets */; };
		3542FA2820FFA0EA005948F5 /* LaunchScreen.storyboard in Resources */ = {isa = PBXBuildFile; fileRef = 3542FA2620FFA0EA005948F5 /* LaunchScreen.storyboard */; };
		3542FA3320FFA0EA005948F5 /* learniOSTests.swift in Sources */ = {isa = PBXBuildFile; fileRef = 3542FA3220FFA0EA005948F5 /* learniOSTests.swift */; };
/* End PBXBuildFile section */

/* Begin PBXContainerItemProxy section */
		3542FA2F20FFA0EA005948F5 /* PBXContainerItemProxy */ = {
			isa = PBXContainerItemProxy;
			containerPortal = 3542FA1220FFA0E9005948F5 /* Project object */;
			proxyType = 1;
			remoteGlobalIDString = 3542FA1920FFA0EA005948F5;
			remoteInfo = learniOS;
		};
/* End PBXContainerItemProxy section */

/* Begin PBXFileReference section */
		3542FA1A20FFA0EA005948F5 /* learniOS.app */ = {isa = PBXFileReference; explicitFileType = wrapper.application; includeInIndex = 0; path = learniOS.app; sourceTree = BUILT_PRODUCTS_DIR; };
		3542FA1D20FFA0EA005948F5 /* AppDelegate.swift */ = {isa = PBXFileReference; lastKnownFileType = sourcecode.swift; path = AppDelegate.swift; sourceTree = "<group>"; };
		3542FA1F20FFA0EA005948F5 /* ViewController.swift */ = {isa = PBXFileReference; lastKnownFileType = sourcecode.swift; path = ViewController.swift; sourceTree = "<group>"; };
		3542FA2220FFA0EA005948F5 /* Base */ = {isa = PBXFileReference; lastKnownFileType = file.storyboard; name = Base; path = Base.lproj/Main.storyboard; sourceTree = "<group>"; };
		3542FA2420FFA0EA005948F5 /* Assets.xcassets */ = {isa = PBXFileReference; lastKnownFileType = folder.assetcatalog; path = Assets.xcassets; sourceTree = "<group>"; };
		3542FA2720FFA0EA005948F5 /* Base */ = {isa = PBXFileReference; lastKnownFileType = file.storyboard; name = Base; path = Base.lproj/LaunchScreen.storyboard; sourceTree = "<group>"; };
		3542FA2920FFA0EA005948F5 /* Info.plist */ = {isa = PBXFileReference; lastKnownFileType = text.plist.xml; path = Info.plist; sourceTree = "<group>"; };
		3542FA2E20FFA0EA005948F5 /* learniOSTests.xctest */ = {isa = PBXFileReference; explicitFileType = wrapper.cfbundle; includeInIndex = 0; path = learniOSTests.xctest; sourceTree = BUILT_PRODUCTS_DIR; };
		3542FA3220FFA0EA005948F5 /* learniOSTests.swift */ = {isa = PBXFileReference; lastKnownFileType = sourcecode.swift; path = learniOSTests.swift; sourceTree = "<group>"; };
		3542FA3420FFA0EA005948F5 /* Info.plist */ = {isa = PBXFileReference; lastKnownFileType = text.plist.xml; path = Info.plist; sourceTree = "<group>"; };
/* End PBXFileReference section */

/* Begin PBXFrameworksBuildPhase section */
		3542FA1720FFA0EA005948F5 /* Frameworks */ = {
			isa = PBXFrameworksBuildPhase;
			buildActionMask = 2147483647;
			files = (
			);
			runOnlyForDeploymentPostprocessing = 0;
		};
		3542FA2B20FFA0EA005948F5 /* Frameworks */ = {
			isa = PBXFrameworksBuildPhase;
			buildActionMask = 2147483647;
			files = (
			);
			runOnlyForDeploymentPostprocessing = 0;
		};
/* End PBXFrameworksBuildPhase section */

/* Begin PBXGroup section */
		3542FA1120FFA0E9005948F5 = {
			isa = PBXGroup;
			children = (
				3542FA1C20FFA0EA005948F5 /* learniOS */,
				3542FA3120FFA0EA005948F5 /* learniOSTests */,
				3542FA1B20FFA0EA005948F5 /* Products */,
			);
			sourceTree = "<group>";
		};
		3542FA1B20FFA0EA005948F5 /* Products */ = {
			isa = PBXGroup;
			children = (
				3542FA1A20FFA0EA005948F5 /* learniOS.app */,
				3542FA2E20FFA0EA005948F5 /* learniOSTests.xctest */,
			);
			name = Products;
			sourceTree = "<group>";
		};
		3542FA1C20FFA0EA005948F5 /* learniOS */ = {
			isa = PBXGroup;
			children = (
				3542FA1D20FFA0EA005948F5 /* AppDelegate.swift */,
				3542FA1F20FFA0EA005948F5 /* ViewController.swift */,
				3542FA2120FFA0EA005948F5 /* Main.storyboard */,
				3542FA2420FFA0EA005948F5 /* Assets.xcassets */,
				3542FA2620FFA0EA005948F5 /* LaunchScreen.storyboard */,
				3542FA2920FFA0EA005948F5 /* Info.plist */,
			);
			path = learniOS;
			sourceTree = "<group>";
		};
		3542FA3120FFA0EA005948F5 /* learniOSTests */ = {
			isa = PBXGroup;
			children = (
				3542FA3220FFA0EA005948F5 /* learniOSTests.swift */,
				3542FA3420FFA0EA005948F5 /* Info.plist */,
			);
			path = learniOSTests;
			sourceTree = "<group>";
		};
/* End PBXGroup section */

/* Begin PBXNativeTarget section */
		3542FA1920FFA0EA005948F5 /* learniOS */ = {
			isa = PBXNativeTarget;
			buildConfigurationList = 3542FA3720FFA0EA005948F5 /* Build configuration list for PBXNativeTarget "learniOS" */;
			buildPhases = (
				3542FA1620FFA0EA005948F5 /* Sources */,
				3542FA1720FFA0EA005948F5 /* Frameworks */,
				3542FA1820FFA0EA005948F5 /* Resources */,
			);
			buildRules = (
			);
			dependencies = (
			);
			name = learniOS;
			productName = learniOS;
			productReference = 3542FA1A20FFA0EA005948F5 /* learniOS.app */;
			productType = "com.apple.product-type.application";
		};
		3542FA2D20FFA0EA005948F5 /* learniOSTests */ = {
			isa = PBXNativeTarget;
			buildConfigurationList = 3542FA3A20FFA0EA005948F5 /* Build configuration list for PBXNativeTarget "learniOSTests" */;
			buildPhases = (
				3542FA2A20FFA0EA005948F5 /* Sources */,
				3542FA2B20FFA0EA005948F5 /* Frameworks */,
				3542FA2C20FFA0EA005948F5 /* Resources */,
			);
			buildRules = (
			);
			dependencies = (
				3542FA3020FFA0EA005948F5 /* PBXTargetDependency */,
			);
			name = learniOSTests;
			productName = learniOSTests;
			productReference = 3542FA2E20FFA0EA005948F5 /* learniOSTests.xctest */;
			productType = "com.apple.product-type.bundle.unit-test";
		};
/* End PBXNativeTarget section */

/* Begin PBXProject section */
		3542FA1220FFA0E9005948F5 /* Project object */ = {
			isa = PBXProject;
			attributes = {
				LastSwiftUpdateCheck = 1000;
				LastUpgradeCheck = 1000;
				ORGANIZATIONNAME = "Yayi Wu";
				TargetAttributes = {
					3542FA1920FFA0EA005948F5 = {
						CreatedOnToolsVersion = 10.0;
					};
					3542FA2D20FFA0EA005948F5 = {
						CreatedOnToolsVersion = 10.0;
						TestTargetID = 3542FA1920FFA0EA005948F5;
					};
				};
			};
			buildConfigurationList = 3542FA1520FFA0E9005948F5 /* Build configuration list for PBXProject "learniOS" */;
			compatibilityVersion = "Xcode 9.3";
			developmentRegion = en;
			hasScannedForEncodings = 0;
			knownRegions = (
				en,
				Base,
			);
			mainGroup = 3542FA1120FFA0E9005948F5;
			productRefGroup = 3542FA1B20FFA0EA005948F5 /* Products */;
			projectDirPath = "";
			projectRoot = "";
			targets = (
				3542FA1920FFA0EA005948F5 /* learniOS */,
				3542FA2D20FFA0EA005948F5 /* learniOSTests */,
			);
		};
/* End PBXProject section */

/* Begin PBXResourcesBuildPhase section */
		3542FA1820FFA0EA005948F5 /* Resources */ = {
			isa = PBXResourcesBuildPhase;
			buildActionMask = 2147483647;
			files = (
				3542FA2820FFA0EA005948F5 /* LaunchScreen.storyboard in Resources */,
				3542FA2520FFA0EA005948F5 /* Assets.xcassets in Resources */,
				3542FA2320FFA0EA005948F5 /* Main.storyboard in Resources */,
			);
			runOnlyForDeploymentPostprocessing = 0;
		};
		3542FA2C20FFA0EA005948F5 /* Resources */ = {
			isa = PBXResourcesBuildPhase;
			buildActionMask = 2147483647;
			files = (
			);
			runOnlyForDeploymentPostprocessing = 0;
		};
/* End PBXResourcesBuildPhase section */

/* Begin PBXSourcesBuildPhase section */
		3542FA1620FFA0EA005948F5 /* Sources */ = {
			isa = PBXSourcesBuildPhase;
			buildActionMask = 2147483647;
			files = (
				3542FA2020FFA0EA005948F5 /* ViewController.swift in Sources */,
				3542FA1E20FFA0EA005948F5 /* AppDelegate.swift in Sources */,
			);
			runOnlyForDeploymentPostprocessing = 0;
		};
		3542FA2A20FFA0EA005948F5 /* Sources */ = {
			isa = PBXSourcesBuildPhase;
			buildActionMask = 2147483647;
			files = (
				3542FA3320FFA0EA005948F5 /* learniOSTests.swift in Sources */,
			);
			runOnlyForDeploymentPostprocessing = 0;
		};
/* End PBXSourcesBuildPhase section */

/* Begin PBXTargetDependency section */
		3542FA3020FFA0EA005948F5 /* PBXTargetDependency */ = {
			isa = PBXTargetDependency;
			target = 3542FA1920FFA0EA005948F5 /* learniOS */;
			targetProxy = 3542FA2F20FFA0EA005948F5 /* PBXContainerItemProxy */;
		};
/* End PBXTargetDependency section */

/* Begin PBXVariantGroup section */
		3542FA2120FFA0EA005948F5 /* Main.storyboard */ = {
			isa = PBXVariantGroup;
			children = (
				3542FA2220FFA0EA005948F5 /* Base */,
			);
			name = Main.storyboard;
			sourceTree = "<group>";
		};
		3542FA2620FFA0EA005948F5 /* LaunchScreen.storyboard */ = {
			isa = PBXVariantGroup;
			children = (
				3542FA2720FFA0EA005948F5 /* Base */,
			);
			name = LaunchScreen.storyboard;
			sourceTree = "<group>";
		};
/* End PBXVariantGroup section */

/* Begin XCBuildConfiguration section */
		3542FA3520FFA0EA005948F5 /* Debug */ = {
			isa = XCBuildConfiguration;
			buildSettings = {
				ALWAYS_SEARCH_USER_PATHS = NO;
				CLANG_ANALYZER_NONNULL = YES;
				CLANG_ANALYZER_NUMBER_OBJECT_CONVERSION = YES_AGGRESSIVE;
				CLANG_CXX_LANGUAGE_STANDARD = "gnu++14";
				CLANG_CXX_LIBRARY = "libc++";
				CLANG_ENABLE_MODULES = YES;
				CLANG_ENABLE_OBJC_ARC = YES;
				CLANG_ENABLE_OBJC_WEAK = YES;
				CLANG_WARN_BLOCK_CAPTURE_AUTORELEASING = YES;
				CLANG_WARN_BOOL_CONVERSION = YES;
				CLANG_WARN_COMMA = YES;
				CLANG_WARN_CONSTANT_CONVERSION = YES;
				CLANG_WARN_DEPRECATED_OBJC_IMPLEMENTATIONS = YES;
				CLANG_WARN_DIRECT_OBJC_ISA_USAGE = YES_ERROR;
				CLANG_WARN_DOCUMENTATION_COMMENTS = YES;
				CLANG_WARN_EMPTY_BODY = YES;
				CLANG_WARN_ENUM_CONVERSION = YES;
				CLANG_WARN_INFINITE_RECURSION = YES;
				CLANG_WARN_INT_CONVERSION = YES;
				CLANG_WARN_NON_LITERAL_NULL_CONVERSION = YES;
				CLANG_WARN_OBJC_IMPLICIT_RETAIN_SELF = YES;
				CLANG_WARN_OBJC_LITERAL_CONVERSION = YES;
				CLANG_WARN_OBJC_ROOT_CLASS = YES_ERROR;
				CLANG_WARN_RANGE_LOOP_ANALYSIS = YES;
				CLANG_WARN_STRICT_PROTOTYPES = YES;
				CLANG_WARN_SUSPICIOUS_MOVE = YES;
				CLANG_WARN_UNGUARDED_AVAILABILITY = YES_AGGRESSIVE;
				CLANG_WARN_UNREACHABLE_CODE = YES;
				CLANG_WARN__DUPLICATE_METHOD_MATCH = YES;
				CODE_SIGN_IDENTITY = "iPhone Developer";
				COPY_PHASE_STRIP = NO;
				DEBUG_INFORMATION_FORMAT = dwarf;
				ENABLE_STRICT_OBJC_MSGSEND = YES;
				ENABLE_TESTABILITY = YES;
				GCC_C_LANGUAGE_STANDARD = gnu11;
				GCC_DYNAMIC_NO_PIC = NO;
				GCC_NO_COMMON_BLOCKS = YES;
				GCC_OPTIMIZATION_LEVEL = 0;
				GCC_PREPROCESSOR_DEFINITIONS = (
					"DEBUG=1",
					"$(inherited)",
				);
				GCC_WARN_64_TO_32_BIT_CONVERSION = YES;
				GCC_WARN_ABOUT_RETURN_TYPE = YES_ERROR;
				GCC_WARN_UNDECLARED_SELECTOR = YES;
				GCC_WARN_UNINITIALIZED_AUTOS = YES_AGGRESSIVE;
				GCC_WARN_UNUSED_FUNCTION = YES;
				GCC_WARN_UNUSED_VARIABLE = YES;
				IPHONEOS_DEPLOYMENT_TARGET = 12.0;
				MTL_ENABLE_DEBUG_INFO = INCLUDE_SOURCE;
				MTL_FAST_MATH = YES;
				ONLY_ACTIVE_ARCH = YES;
				SDKROOT = iphoneos;
				SWIFT_ACTIVE_COMPILATION_CONDITIONS = DEBUG;
				SWIFT_OPTIMIZATION_LEVEL = "-Onone";
			};
			name = Debug;
		};
		3542FA3620FFA0EA005948F5 /* Release */ = {
			isa = XCBuildConfiguration;
			buildSettings = {
				ALWAYS_SEARCH_USER_PATHS = NO;
				CLANG_ANALYZER_NONNULL = YES;
				CLANG_ANALYZER_NUMBER_OBJECT_CONVERSION = YES_AGGRESSIVE;
				CLANG_CXX_LANGUAGE_STANDARD = "gnu++14";
				CLANG_CXX_LIBRARY = "libc++";
				CLANG_ENABLE_MODULES = YES;
				CLANG_ENABLE_OBJC_ARC = YES;
				CLANG_ENABLE_OBJC_WEAK = YES;
				CLANG_WARN_BLOCK_CAPTURE_AUTORELEASING = YES;
				CLANG_WARN_BOOL_CONVERSION = YES;
				CLANG_WARN_COMMA = YES;
				CLANG_WARN_CONSTANT_CONVERSION = YES;
				CLANG_WARN_DEPRECATED_OBJC_IMPLEMENTATIONS = YES;
				CLANG_WARN_DIRECT_OBJC_ISA_USAGE = YES_ERROR;
				CLANG_WARN_DOCUMENTATION_COMMENTS = YES;
				CLANG_WARN_EMPTY_BODY = YES;
				CLANG_WARN_ENUM_CONVERSION = YES;
				CLANG_WARN_INFINITE_RECURSION = YES;
				CLANG_WARN_INT_CONVERSION = YES;
				CLANG_WARN_NON_LITERAL_NULL_CONVERSION = YES;
				CLANG_WARN_OBJC_IMPLICIT_RETAIN_SELF = YES;
				CLANG_WARN_OBJC_LITERAL_CONVERSION = YES;
				CLANG_WARN_OBJC_ROOT_CLASS = YES_ERROR;
				CLANG_WARN_RANGE_LOOP_ANALYSIS = YES;
				CLANG_WARN_STRICT_PROTOTYPES = YES;
				CLANG_WARN_SUSPICIOUS_MOVE = YES;
				CLANG_WARN_UNGUARDED_AVAILABILITY = YES_AGGRESSIVE;
				CLANG_WARN_UNREACHABLE_CODE = YES;
				CLANG_WARN__DUPLICATE_METHOD_MATCH = YES;
				CODE_SIGN_IDENTITY = "iPhone Developer";
				COPY_PHASE_STRIP = NO;
				DEBUG_INFORMATION_FORMAT = "dwarf-with-dsym";
				ENABLE_NS_ASSERTIONS = NO;
				ENABLE_STRICT_OBJC_MSGSEND = YES;
				GCC_C_LANGUAGE_STANDARD = gnu11;
				GCC_NO_COMMON_BLOCKS = YES;
				GCC_WARN_64_TO_32_BIT_CONVERSION = YES;
				GCC_WARN_ABOUT_RETURN_TYPE = YES_ERROR;
				GCC_WARN_UNDECLARED_SELECTOR = YES;
				GCC_WARN_UNINITIALIZED_AUTOS = YES_AGGRESSIVE;
				GCC_WARN_UNUSED_FUNCTION = YES;
				GCC_WARN_UNUSED_VARIABLE = YES;
				IPHONEOS_DEPLOYMENT_TARGET = 12.0;
				MTL_ENABLE_DEBUG_INFO = NO;
				MTL_FAST_MATH = YES;
				SDKROOT = iphoneos;
				SWIFT_COMPILATION_MODE = wholemodule;
				SWIFT_OPTIMIZATION_LEVEL = "-O";
				VALIDATE_PRODUCT = YES;
			};
			name = Release;
		};
		3542FA3820FFA0EA005948F5 /* Debug */ = {
			isa = XCBuildConfiguration;
			buildSettings = {
				ASSETCATALOG_COMPILER_APPICON_NAME = AppIcon;
				CODE_SIGN_STYLE = Automatic;
				DEVELOPMENT_TEAM = L8SXKVRF38;
				INFOPLIST_FILE = learniOS/Info.plist;
				IPHONEOS_DEPLOYMENT_TARGET = 11.2.6;
				LD_RUNPATH_SEARCH_PATHS = (
					"$(inherited)",
					"@executable_path/Frameworks",
				);
				PRODUCT_BUNDLE_IDENTIFIER = uk.co.simpletech.learn;
				PRODUCT_NAME = "$(TARGET_NAME)";
				SWIFT_VERSION = 4.2;
				TARGETED_DEVICE_FAMILY = "1,2";
			};
			name = Debug;
		};
		3542FA3920FFA0EA005948F5 /* Release */ = {
			isa = XCBuildConfiguration;
			buildSettings = {
				ASSETCATALOG_COMPILER_APPICON_NAME = AppIcon;
				CODE_SIGN_STYLE = Automatic;
				DEVELOPMENT_TEAM = L8SXKVRF38;
				INFOPLIST_FILE = learniOS/Info.plist;
				IPHONEOS_DEPLOYMENT_TARGET = 11.2.6;
				LD_RUNPATH_SEARCH_PATHS = (
					"$(inherited)",
					"@executable_path/Frameworks",
				);
				PRODUCT_BUNDLE_IDENTIFIER = uk.co.simpletech.learn;
				PRODUCT_NAME = "$(TARGET_NAME)";
				SWIFT_VERSION = 4.2;
				TARGETED_DEVICE_FAMILY = "1,2";
			};
			name = Release;
		};
		3542FA3B20FFA0EA005948F5 /* Debug */ = {
			isa = XCBuildConfiguration;
			buildSettings = {
				ALWAYS_EMBED_SWIFT_STANDARD_LIBRARIES = YES;
				BUNDLE_LOADER = "$(TEST_HOST)";
				CODE_SIGN_STYLE = Automatic;
				DEVELOPMENT_TEAM = L8SXKVRF38;
				INFOPLIST_FILE = learniOSTests/Info.plist;
				LD_RUNPATH_SEARCH_PATHS = (
					"$(inherited)",
					"@executable_path/Frameworks",
					"@loader_path/Frameworks",
				);
				PRODUCT_BUNDLE_IDENTIFIER = uk.co.simpletech.learniOSTests;
				PRODUCT_NAME = "$(TARGET_NAME)";
				SWIFT_VERSION = 4.2;
				TARGETED_DEVICE_FAMILY = "1,2";
				TEST_HOST = "$(BUILT_PRODUCTS_DIR)/learniOS.app/learniOS";
			};
			name = Debug;
		};
		3542FA3C20FFA0EA005948F5 /* Release */ = {
			isa = XCBuildConfiguration;
			buildSettings = {
				ALWAYS_EMBED_SWIFT_STANDARD_LIBRARIES = YES;
				BUNDLE_LOADER = "$(TEST_HOST)";
				CODE_SIGN_STYLE = Automatic;
				DEVELOPMENT_TEAM = L8SXKVRF38;
				INFOPLIST_FILE = learniOSTests/Info.plist;
				LD_RUNPATH_SEARCH_PATHS = (
					"$(inherited)",
					"@executable_path/Frameworks",
					"@loader_path/Frameworks",
				);
				PRODUCT_BUNDLE_IDENTIFIER = uk.co.simpletech.learniOSTests;
				PRODUCT_NAME = "$(TARGET_NAME)";
				SWIFT_VERSION = 4.2;
				TARGETED_DEVICE_FAMILY = "1,2";
				TEST_HOST = "$(BUILT_PRODUCTS_DIR)/learniOS.app/learniOS";
			};
			name = Release;
		};
/* End XCBuildConfiguration section */

/* Begin XCConfigurationList section */
		3542FA1520FFA0E9005948F5 /* Build configuration list for PBXProject "learniOS" */ = {
			isa = XCConfigurationList;
			buildConfigurations = (
				3542FA3520FFA0EA005948F5 /* Debug */,
				3542FA3620FFA0EA005948F5 /* Release */,
			);
			defaultConfigurationIsVisible = 0;
			defaultConfigurationName = Release;
		};
		3542FA3720FFA0EA005948F5 /* Build configuration list for PBXNativeTarget "learniOS" */ = {
			isa = XCConfigurationList;
			buildConfigurations = (
				3542FA3820FFA0EA005948F5 /* Debug */,
				3542FA3920FFA0EA005948F5 /* Release */,
			);
			defaultConfigurationIsVisible = 0;
			defaultConfigurationName = Release;
		};
		3542FA3A20FFA0EA005948F5 /* Build configuration list for PBXNativeTarget "learniOSTests" */ = {
			isa = XCConfigurationList;
			buildConfigurations = (
				3542FA3B20FFA0EA005948F5 /* Debug */,
				3542FA3C20FFA0EA005948F5 /* Release */,
			);
			defaultConfigurationIsVisible = 0;
			defaultConfigurationName = Release;
		};
/* End XCConfigurationList section */
	};
	rootObject = 3542FA1220FFA0E9005948F5 /* Project object */;
}
